
Microsoft Visual Studio Solution File, Format Version 12.00
# Visual Studio Version 17
VisualStudioVersion = 17.7.34202.233
MinimumVisualStudioVersion = 10.0.40219.1
Project("{FAE04EC0-301F-11D3-BF4B-00C04F79EFBC}") = "ControlEscolarMVC", "ControlEscolarMVC\ControlEscolarMVC.csproj", "{607B4FDC-03CC-445C-98B2-BBDB5A931424}"
EndProject
Global
	GlobalSection(SolutionConfigurationPlatforms) = preSolution
		Debug|Any CPU = Debug|Any CPU
		Release|Any CPU = Release|Any CPU
	EndGlobalSection
	GlobalSection(ProjectConfigurationPlatforms) = postSolution
		{607B4FDC-03CC-445C-98B2-BBDB5A931424}.Debug|Any CPU.ActiveCfg = Debug|Any CPU
		{607B4FDC-03CC-445C-98B2-BBDB5A931424}.Debug|Any CPU.Build.0 = Debug|Any CPU
		{607B4FDC-03CC-445C-98B2-BBDB5A931424}.Release|Any CPU.ActiveCfg = Release|Any CPU
		{607B4FDC-03CC-445C-98B2-BBDB5A931424}.Release|Any CPU.Build.0 = Release|Any CPU
	EndGlobalSection
	GlobalSection(SolutionProperties) = preSolution
		HideSolutionNode = FALSE
	EndGlobalSection
	GlobalSection(ExtensibilityGlobals) = postSolution
		SolutionGuid = {4BEF5DC1-956A-47CE-9162-A09587E4FAA5}
	EndGlobalSection
EndGlobal
